
Microsoft Visual Studio Solution File, Format Version 11.00
# Visual Studio 2010
Project("{FAE04EC0-301F-11D3-BF4B-00C04F79EFBC}") = "Woodpecker", "Woodpecker\Woodpecker.csproj", "{18F36072-7F04-4353-8B60-D09A76CF4C49}"
EndProject
Global
	GlobalSection(SolutionConfigurationPlatforms) = preSolution
		Debug|Any CPU = Debug|Any CPU
		Release|Any CPU = Release|Any CPU
	EndGlobalSection
	GlobalSection(ProjectConfigurationPlatforms) = postSolution
		{18F36072-7F04-4353-8B60-D09A76CF4C49}.Debug|Any CPU.ActiveCfg = Debug|Any CPU
		{18F36072-7F04-4353-8B60-D09A76CF4C49}.Debug|Any CPU.Build.0 = Debug|Any CPU
		{18F36072-7F04-4353-8B60-D09A76CF4C49}.Release|Any CPU.ActiveCfg = Release|Any CPU
		{18F36072-7F04-4353-8B60-D09A76CF4C49}.Release|Any CPU.Build.0 = Release|Any CPU
	EndGlobalSection
	GlobalSection(SolutionProperties) = preSolution
		HideSolutionNode = FALSE
	EndGlobalSection
EndGlobal
